
Microsoft Visual Studio Solution File, Format Version 12.00
# Visual Studio 2013
VisualStudioVersion = 12.0.21005.1
MinimumVisualStudioVersion = 10.0.40219.1
Project("{8BC9CEB8-8B4A-11D0-8D11-00A0C91BC942}") = "XmlDocument", "XmlDocument\XmlDocument.vcxproj", "{0A82ECDC-7520-453A-8F2C-D813FEEE7537}"
EndProject
Project("{8BC9CEB8-8B4A-11D0-8D11-00A0C91BC942}") = "XmlElement", "XmlElement\XmlElement.vcxproj", "{406B7BC4-3A0D-4E79-A55F-39E1FB33A5ED}"
EndProject
Project("{8BC9CEB8-8B4A-11D0-8D11-00A0C91BC942}") = "XmlElementParts", "XmlElementParts\XmlElementParts.vcxproj", "{E683E9BA-1F9A-4236-BD75-288F90B1244C}"
EndProject
Project("{8BC9CEB8-8B4A-11D0-8D11-00A0C91BC942}") = "TestExecutive", "TestExecutive\TestExecutive.vcxproj", "{E7B6496E-339A-4CF0-8C35-BA2DB8BCAFE8}"
EndProject
Project("{8BC9CEB8-8B4A-11D0-8D11-00A0C91BC942}") = "DocumentBuilder", "DocumentBuilder\DocumentBuilder.vcxproj", "{2D2BD06E-B610-4F62-9335-2C8328178528}"
EndProject
Project("{8BC9CEB8-8B4A-11D0-8D11-00A0C91BC942}") = "Display", "Display\Display.vcxproj", "{2E342B0A-FC7E-4B67-85B3-79426CC1DDE1}"
EndProject
Global
	GlobalSection(SolutionConfigurationPlatforms) = preSolution
		Debug|Win32 = Debug|Win32
		Release|Win32 = Release|Win32
	EndGlobalSection
	GlobalSection(ProjectConfigurationPlatforms) = postSolution
		{0A82ECDC-7520-453A-8F2C-D813FEEE7537}.Debug|Win32.ActiveCfg = Debug|Win32
		{0A82ECDC-7520-453A-8F2C-D813FEEE7537}.Debug|Win32.Build.0 = Debug|Win32
		{0A82ECDC-7520-453A-8F2C-D813FEEE7537}.Release|Win32.ActiveCfg = Release|Win32
		{0A82ECDC-7520-453A-8F2C-D813FEEE7537}.Release|Win32.Build.0 = Release|Win32
		{406B7BC4-3A0D-4E79-A55F-39E1FB33A5ED}.Debug|Win32.ActiveCfg = Debug|Win32
		{406B7BC4-3A0D-4E79-A55F-39E1FB33A5ED}.Debug|Win32.Build.0 = Debug|Win32
		{406B7BC4-3A0D-4E79-A55F-39E1FB33A5ED}.Release|Win32.ActiveCfg = Release|Win32
		{406B7BC4-3A0D-4E79-A55F-39E1FB33A5ED}.Release|Win32.Build.0 = Release|Win32
		{E683E9BA-1F9A-4236-BD75-288F90B1244C}.Debug|Win32.ActiveCfg = Debug|Win32
		{E683E9BA-1F9A-4236-BD75-288F90B1244C}.Debug|Win32.Build.0 = Debug|Win32
		{E683E9BA-1F9A-4236-BD75-288F90B1244C}.Release|Win32.ActiveCfg = Release|Win32
		{E683E9BA-1F9A-4236-BD75-288F90B1244C}.Release|Win32.Build.0 = Release|Win32
		{E7B6496E-339A-4CF0-8C35-BA2DB8BCAFE8}.Debug|Win32.ActiveCfg = Debug|Win32
		{E7B6496E-339A-4CF0-8C35-BA2DB8BCAFE8}.Debug|Win32.Build.0 = Debug|Win32
		{E7B6496E-339A-4CF0-8C35-BA2DB8BCAFE8}.Release|Win32.ActiveCfg = Release|Win32
		{E7B6496E-339A-4CF0-8C35-BA2DB8BCAFE8}.Release|Win32.Build.0 = Release|Win32
		{2D2BD06E-B610-4F62-9335-2C8328178528}.Debug|Win32.ActiveCfg = Debug|Win32
		{2D2BD06E-B610-4F62-9335-2C8328178528}.Debug|Win32.Build.0 = Debug|Win32
		{2D2BD06E-B610-4F62-9335-2C8328178528}.Release|Win32.ActiveCfg = Release|Win32
		{2D2BD06E-B610-4F62-9335-2C8328178528}.Release|Win32.Build.0 = Release|Win32
		{2E342B0A-FC7E-4B67-85B3-79426CC1DDE1}.Debug|Win32.ActiveCfg = Debug|Win32
		{2E342B0A-FC7E-4B67-85B3-79426CC1DDE1}.Debug|Win32.Build.0 = Debug|Win32
		{2E342B0A-FC7E-4B67-85B3-79426CC1DDE1}.Release|Win32.ActiveCfg = Release|Win32
		{2E342B0A-FC7E-4B67-85B3-79426CC1DDE1}.Release|Win32.Build.0 = Release|Win32
	EndGlobalSection
	GlobalSection(SolutionProperties) = preSolution
		HideSolutionNode = FALSE
	EndGlobalSection
EndGlobal
